
Microsoft Visual Studio Solution File, Format Version 12.00
# Visual Studio Version 17
VisualStudioVersion = 17.8.34330.188
MinimumVisualStudioVersion = 10.0.40219.1
Project("{9A19103F-16F7-4668-BE54-9A1E7A4F7556}") = "DemoKatan", "RedManeHelper\DemoKatan.csproj", "{DBDF3C1F-94F0-4D3A-88B7-CBB4183EEECC}"
EndProject
Global
	GlobalSection(SolutionConfigurationPlatforms) = preSolution
		Debug|Any CPU = Debug|Any CPU
		Release|Any CPU = Release|Any CPU
	EndGlobalSection
	GlobalSection(ProjectConfigurationPlatforms) = postSolution
		{DBDF3C1F-94F0-4D3A-88B7-CBB4183EEECC}.Debug|Any CPU.ActiveCfg = Debug|Any CPU
		{DBDF3C1F-94F0-4D3A-88B7-CBB4183EEECC}.Debug|Any CPU.Build.0 = Debug|Any CPU
		{DBDF3C1F-94F0-4D3A-88B7-CBB4183EEECC}.Release|Any CPU.ActiveCfg = Release|Any CPU
		{DBDF3C1F-94F0-4D3A-88B7-CBB4183EEECC}.Release|Any CPU.Build.0 = Release|Any CPU
	EndGlobalSection
	GlobalSection(SolutionProperties) = preSolution
		HideSolutionNode = FALSE
	EndGlobalSection
	GlobalSection(ExtensibilityGlobals) = postSolution
		SolutionGuid = {3A3AB866-562E-461A-BEB1-D5D59E5C6DA1}
	EndGlobalSection
EndGlobal
